Microsoft Visual Studio Solution File, Format Version 12.00
# Visual Studio Version 17
VisualStudioVersion = 17.5.2.0
MinimumVisualStudioVersion = 10.0.40219.1
Project("{FAE04EC0-301F-11D3-BF4B-00C04F79EFBC}") = "Audion-WPF", "Audion-WPF\\Audion-WPF.csproj", "{22ED2ADE-71FB-0A4E-A0CD-D3BFFEF8F05F}"
EndProject
Global
	GlobalSection(SolutionConfigurationPlatforms) = preSolution
		Debug|Any CPU = Debug|Any CPU
		Release|Any CPU = Release|Any CPU
	EndGlobalSection
	GlobalSection(ProjectConfigurationPlatforms) = postSolution
		{22ED2ADE-71FB-0A4E-A0CD-D3BFFEF8F05F}.Debug|Any CPU.ActiveCfg = Debug|Any CPU
		{22ED2ADE-71FB-0A4E-A0CD-D3BFFEF8F05F}.Debug|Any CPU.Build.0 = Debug|Any CPU
		{22ED2ADE-71FB-0A4E-A0CD-D3BFFEF8F05F}.Release|Any CPU.ActiveCfg = Release|Any CPU
		{22ED2ADE-71FB-0A4E-A0CD-D3BFFEF8F05F}.Release|Any CPU.Build.0 = Release|Any CPU
	EndGlobalSection
	GlobalSection(SolutionProperties) = preSolution
		HideSolutionNode = FALSE
	EndGlobalSection
	GlobalSection(ExtensibilityGlobals) = postSolution
		SolutionGuid = {0EDE59FD-3799-4FA3-AF0A-B05725020631}
	EndGlobalSection
EndGlobal
